version = 1
revision = 3
requires-python = ">=3.14"

[[package]]
name = "ai-code-generation-engineer"
version = "0.1.0"
source = { virtual = "." }
dependencies = [
    { name = "jupytext" },
    { name = "libcst" },
]

[package.metadata]
requires-dist = [
    { name = "jupytext", specifier = ">=1.19.1" },
    { name = "libcst", specifier = ">=1.8.6" },
]

[[package]]
name = "attrs"
version = "25.4.0"
source = { registry = "https://pypi.org/simple" }
sdist = { url = "https://files.pythonhosted.org/packages/6b/5c/685e6633917e101e5dcb62b9dd76946cbb57c26e133bae9e0cd36033c0a9/attrs-25.4.0.tar.gz", hash = "sha256:16d5969b87f0859ef33a48b35d55ac1be6e42ae49d5e853b597db70c35c57e11", size = 934251, upload-time = "2025-10-06T13:54:44.725Z" }
wheels = [
    { url = "https://files.pythonhosted.org/packages/3a/2a/7cc015f5b9f5db42b7d48157e23356022889fc354a2813c15934b7cb5c0e/attrs-25.4.0-py3-none-any.whl", hash = "sha256:adcf7e2a1fb3b36ac48d97835bb6d8ade15b8dcce26aba8bf1d14847b57a3373", size = 67615, upload-time = "2025-10-06T13:54:43.17Z" },
]

[[package]]
name = "fastjsonschema"
version = "2.21.2"
source = { registry = "https://pypi.org/simple" }
sdist = { url = "https://files.pythonhosted.org/packages/20/b5/23b216d9d985a956623b6bd12d4086b60f0059b27799f23016af04a74ea1/fastjsonschema-2.21.2.tar.gz", hash = "sha256:b1eb43748041c880796cd077f1a07c3d94e93ae84bba5ed36800a33554ae05de", size = 374130, upload-time = "2025-08-14T18:49:36.666Z" }
wheels = [
    { url = "https://files.pythonhosted.org/packages/cb/a8/20d0723294217e47de6d9e2e40fd4a9d2f7c4b6ef974babd482a59743694/fastjsonschema-2.21.2-py3-none-any.whl", hash = "sha256:1c797122d0a86c5cace2e54bf4e819c36223b552017172f32c5c024a6b77e463", size = 24024, upload-time = "2025-08-14T18:49:34.776Z" },
]

[[package]]
name = "jsonschema"
version = "4.26.0"
source = { registry = "https://pypi.org/simple" }
dependencies = [
    { name = "attrs" },
    { name = "jsonschema-specifications" },
    { name = "referencing" },
    { name = "rpds-py" },
]
sdist = { url = "https://files.pythonhosted.org/packages/b3/fc/e067678238fa451312d4c62bf6e6cf5ec56375422aee02f9cb5f909b3047/jsonschema-4.26.0.tar.gz", hash = "sha256:0c26707e2efad8aa1bfc5b7ce170f3fccc2e4918ff85989ba9ffa9facb2be326", size = 366583, upload-time = "2026-01-07T13:41:07.246Z" }
wheels = [
    { url = "https://files.pythonhosted.org/packages/69/90/f63fb5873511e014207a475e2bb4e8b2e570d655b00ac19a9a0ca0a385ee/jsonschema-4.26.0-py3-none-any.whl", hash = "sha256:d489f15263b8d200f8387e64b4c3a75f06629559fb73deb8fdfb525f2dab50ce", size = 90630, upload-time = "2026-01-07T13:41:05.306Z" },
]

[[package]]
name = "jsonschema-specifications"
version = "2025.9.1"
source = { registry = "https://pypi.org/simple" }
dependencies = [
    { name = "referencing" },
]
sdist = { url = "https://files.pythonhosted.org/packages/19/74/a633ee74eb36c44aa6d1095e7cc5569bebf04342ee146178e2d36600708b/jsonschema_specifications-2025.9.1.tar.gz", hash = "sha256:b540987f239e745613c7a9176f3edb72b832a4ac465cf02712288397832b5e8d", size = 32855, upload-time = "2025-09-08T01:34:59.186Z" }
wheels = [
    { url = "https://files.pythonhosted.org/packages/41/45/1a4ed80516f02155c51f51e8cedb3c1902296743db0bbc66608a0db2814f/jsonschema_specifications-2025.9.1-py3-none-any.whl", hash = "sha256:98802fee3a11ee76ecaca44429fda8a41bff98b00a0f2838151b113f210cc6fe", size = 18437, upload-time = "2025-09-08T01:34:57.871Z" },
]

[[package]]
name = "jupyter-core"
version = "5.9.1"
source = { registry = "https://pypi.org/simple" }
dependencies = [
    { name = "platformdirs" },
    { name = "traitlets" },
]
sdist = { url = "https://files.pythonhosted.org/packages/02/49/9d1284d0dc65e2c757b74c6687b6d319b02f822ad039e5c512df9194d9dd/jupyter_core-5.9.1.tar.gz", hash = "sha256:4d09aaff303b9566c3ce657f580bd089ff5c91f5f89cf7d8846c3cdf465b5508", size = 89814, upload-time = "2025-10-16T19:19:18.444Z" }
wheels = [
    { url = "https://files.pythonhosted.org/packages/e7/e7/80988e32bf6f73919a113473a604f5a8f09094de312b9d52b79c2df7612b/jupyter_core-5.9.1-py3-none-any.whl", hash = "sha256:ebf87fdc6073d142e114c72c9e29a9d7ca03fad818c5d300ce2adc1fb0743407", size = 29032, upload-time = "2025-10-16T19:19:16.783Z" },
]

[[package]]
name = "jupytext"
version = "1.19.1"
source = { registry = "https://pypi.org/simple" }
dependencies = [
    { name = "markdown-it-py" },
    { name = "mdit-py-plugins" },
    { name = "nbformat" },
    { name = "packaging" },
    { name = "pyyaml" },
]
sdist = { url = "https://files.pythonhosted.org/packages/13/a5/80c02f307c8ce863cb33e27daf049315e9d96979e14eead700923b5ec9cc/jupytext-1.19.1.tar.gz", hash = "sha256:82587c07e299173c70ed5e8ec7e75183edf1be289ed518bab49ad0d4e3d5f433", size = 4307829, upload-time = "2026-01-25T21:35:13.276Z" }
wheels = [
    { url = "https://files.pythonhosted.org/packages/16/5a/736dd2f4535dbf3bf26523f9158c011389ef88dd06ec2eef67fd744f1c7b/jupytext-1.19.1-py3-none-any.whl", hash = "sha256:d8975035155d034bdfde5c0c37891425314b7ea8d3a6c4b5d18c294348714cd9", size = 170478, upload-time = "2026-01-25T21:35:11.17Z" },
]

[[package]]
name = "libcst"
version = "1.8.6"
source = { registry = "https://pypi.org/simple" }
dependencies = [
    { name = "pyyaml" },
]
sdist = { url = "https://files.pythonhosted.org/packages/de/cd/337df968b38d94c5aabd3e1b10630f047a2b345f6e1d4456bd9fe7417537/libcst-1.8.6.tar.gz", hash = "sha256:f729c37c9317126da9475bdd06a7208eb52fcbd180a6341648b45a56b4ba708b", size = 891354, upload-time = "2025-11-03T22:33:30.621Z" }
wheels = [
    { url = "https://files.pythonhosted.org/packages/3a/60/4105441989e321f7ad0fd28ffccb83eb6aac0b7cfb0366dab855dcccfbe5/libcst-1.8.6-cp314-cp314-macosx_10_15_x86_64.whl", hash = "sha256:b188e626ce61de5ad1f95161b8557beb39253de4ec74fc9b1f25593324a0279c", size = 2204202, upload-time = "2025-11-03T22:32:52.311Z" },
    { url = "https://files.pythonhosted.org/packages/67/2f/51a6f285c3a183e50cfe5269d4a533c21625aac2c8de5cdf2d41f079320d/libcst-1.8.6-cp314-cp314-macosx_11_0_arm64.whl", hash = "sha256:87e74f7d7dfcba9efa91127081e22331d7c42515f0a0ac6e81d4cf2c3ed14661", size = 2083581, upload-time = "2025-11-03T22:32:54.269Z" },
    { url = "https://files.pythonhosted.org/packages/2f/64/921b1c19b638860af76cdb28bc81d430056592910b9478eea49e31a7f47a/libcst-1.8.6-cp314-cp314-manylinux_2_28_aarch64.whl", hash = "sha256:3a926a4b42015ee24ddfc8ae940c97bd99483d286b315b3ce82f3bafd9f53474", size = 2236495, upload-time = "2025-11-03T22:32:55.723Z" },
    { url = "https://files.pythonhosted.org/packages/12/a8/b00592f9bede618cbb3df6ffe802fc65f1d1c03d48a10d353b108057d09c/libcst-1.8.6-cp314-cp314-manylinux_2_28_x86_64.whl", hash = "sha256:3f4fbb7f569e69fd9e89d9d9caa57ca42c577c28ed05062f96a8c207594e75b8", size = 2301466, upload-time = "2025-11-03T22:32:57.337Z" },
    { url = "https://files.pythonhosted.org/packages/af/df/790d9002f31580fefd0aec2f373a0f5da99070e04c5e8b1c995d0104f303/libcst-1.8.6-cp314-cp314-musllinux_1_2_aarch64.whl", hash = "sha256:08bd63a8ce674be431260649e70fca1d43f1554f1591eac657f403ff8ef82c7a", size = 2300264, upload-time = "2025-11-03T22:32:58.852Z" },
    { url = "https://files.pythonhosted.org/packages/21/de/dc3f10e65bab461be5de57850d2910a02c24c3ddb0da28f0e6e4133c3487/libcst-1.8.6-cp314-cp314-musllinux_1_2_x86_64.whl", hash = "sha256:e00e275d4ba95d4963431ea3e409aa407566a74ee2bf309a402f84fc744abe47", size = 2408572, upload-time = "2025-11-03T22:33:00.552Z" },
    { url = "https://files.pythonhosted.org/packages/20/3b/35645157a7590891038b077db170d6dd04335cd2e82a63bdaa78c3297dfe/libcst-1.8.6-cp314-cp314-win_amd64.whl", hash = "sha256:fea5c7fa26556eedf277d4f72779c5ede45ac3018650721edd77fd37ccd4a2d4", size = 2193917, upload-time = "2025-11-03T22:33:02.354Z" },
    { url = "https://files.pythonhosted.org/packages/b3/a2/1034a9ba7d3e82f2c2afaad84ba5180f601aed676d92b76325797ad60951/libcst-1.8.6-cp314-cp314-win_arm64.whl", hash = "sha256:bb9b4077bdf8857b2483879cbbf70f1073bc255b057ec5aac8a70d901bb838e9", size = 2078748, upload-time = "2025-11-03T22:33:03.707Z" },
    { url = "https://files.pythonhosted.org/packages/95/a1/30bc61e8719f721a5562f77695e6154e9092d1bdf467aa35d0806dcd6cea/libcst-1.8.6-cp314-cp314t-macosx_10_15_x86_64.whl", hash = "sha256:55ec021a296960c92e5a33b8d93e8ad4182b0eab657021f45262510a58223de1", size = 2188980, upload-time = "2025-11-03T22:33:05.152Z" },
    { url = "https://files.pythonhosted.org/packages/2c/14/c660204532407c5628e3b615015a902ed2d0b884b77714a6bdbe73350910/libcst-1.8.6-cp314-cp314t-macosx_11_0_arm64.whl", hash = "sha256:ba9ab2b012fbd53b36cafd8f4440a6b60e7e487cd8b87428e57336b7f38409a4", size = 2074828, upload-time = "2025-11-03T22:33:06.864Z" },
    { url = "https://files.pythonhosted.org/packages/82/e2/c497c354943dff644749f177ee9737b09ed811b8fc842b05709a40fe0d1b/libcst-1.8.6-cp314-cp314t-manylinux_2_28_aarch64.whl", hash = "sha256:c0a0cc80aebd8aa15609dd4d330611cbc05e9b4216bcaeabba7189f99ef07c28", size = 2225568, upload-time = "2025-11-03T22:33:08.354Z" },
    { url = "https://files.pythonhosted.org/packages/86/ef/45999676d07bd6d0eefa28109b4f97124db114e92f9e108de42ba46a8028/libcst-1.8.6-cp314-cp314t-manylinux_2_28_x86_64.whl", hash = "sha256:42a4f68121e2e9c29f49c97f6154e8527cd31021809cc4a941c7270aa64f41aa", size = 2286523, upload-time = "2025-11-03T22:33:10.206Z" },
    { url = "https://files.pythonhosted.org/packages/f4/6c/517d8bf57d9f811862f4125358caaf8cd3320a01291b3af08f7b50719db4/libcst-1.8.6-cp314-cp314t-musllinux_1_2_aarch64.whl", hash = "sha256:8a434c521fadaf9680788b50d5c21f4048fa85ed19d7d70bd40549fbaeeecab1", size = 2288044, upload-time = "2025-11-03T22:33:11.628Z" },
    { url = "https://files.pythonhosted.org/packages/83/ce/24d7d49478ffb61207f229239879845da40a374965874f5ee60f96b02ddb/libcst-1.8.6-cp314-cp314t-musllinux_1_2_x86_64.whl", hash = "sha256:6a65f844d813ab4ef351443badffa0ae358f98821561d19e18b3190f59e71996", size = 2392605, upload-time = "2025-11-03T22:33:12.962Z" },
    { url = "https://files.pythonhosted.org/packages/39/c3/829092ead738b71e96a4e96896c96f276976e5a8a58b4473ed813d7c962b/libcst-1.8.6-cp314-cp314t-win_amd64.whl", hash = "sha256:bdb14bc4d4d83a57062fed2c5da93ecb426ff65b0dc02ddf3481040f5f074a82", size = 2181581, upload-time = "2025-11-03T22:33:14.514Z" },
    { url = "https://files.pythonhosted.org/packages/98/6d/5d6a790a02eb0d9d36c4aed4f41b277497e6178900b2fa29c35353aa45ed/libcst-1.8.6-cp314-cp314t-win_arm64.whl", hash = "sha256:819c8081e2948635cab60c603e1bbdceccdfe19104a242530ad38a36222cb88f", size = 2065000, upload-time = "2025-11-03T22:33:16.257Z" },
]

[[package]]
name = "markdown-it-py"
version = "4.0.0"
source = { registry = "https://pypi.org/simple" }
dependencies = [
    { name = "mdurl" },
]
sdist = { url = "https://files.pythonhosted.org/packages/5b/f5/4ec618ed16cc4f8fb3b701563655a69816155e79e24a17b651541804721d/markdown_it_py-4.0.0.tar.gz", hash = "sha256:cb0a2b4aa34f932c007117b194e945bd74e0ec24133ceb5bac59009cda1cb9f3", size = 73070, upload-time = "2025-08-11T12:57:52.854Z" }
wheels = [
    { url = "https://files.pythonhosted.org/packages/94/54/e7d793b573f298e1c9013b8c4dade17d481164aa517d1d7148619c2cedbf/markdown_it_py-4.0.0-py3-none-any.whl", hash = "sha256:87327c59b172c5011896038353a81343b6754500a08cd7a4973bb48c6d578147", size = 87321, upload-time = "2025-08-11T12:57:51.923Z" },
]

[[package]]
name = "mdit-py-plugins"
version = "0.5.0"
source = { registry = "https://pypi.org/simple" }
dependencies = [
    { name = "markdown-it-py" },
]
sdist = { url = "https://files.pythonhosted.org/packages/b2/fd/a756d36c0bfba5f6e39a1cdbdbfdd448dc02692467d83816dff4592a1ebc/mdit_py_plugins-0.5.0.tar.gz", hash = "sha256:f4918cb50119f50446560513a8e311d574ff6aaed72606ddae6d35716fe809c6", size = 44655, upload-time = "2025-08-11T07:25:49.083Z" }
wheels = [
    { url = "https://files.pythonhosted.org/packages/fb/86/dd6e5db36df29e76c7a7699123569a4a18c1623ce68d826ed96c62643cae/mdit_py_plugins-0.5.0-py3-none-any.whl", hash = "sha256:07a08422fc1936a5d26d146759e9155ea466e842f5ab2f7d2266dd084c8dab1f", size = 57205, upload-time = "2025-08-11T07:25:47.597Z" },
]

[[package]]
name = "mdurl"
version = "0.1.2"
source = { registry = "https://pypi.org/simple" }
sdist = { url = "https://files.pythonhosted.org/packages/d6/54/cfe61301667036ec958cb99bd3efefba235e65cdeb9c84d24a8293ba1d90/mdurl-0.1.2.tar.gz", hash = "sha256:bb413d29f5eea38f31dd4754dd7377d4465116fb207585f97bf925588687c1ba", size = 8729, upload-time = "2022-08-14T12:40:10.846Z" }
wheels = [
    { url = "https://files.pythonhosted.org/packages/b3/38/89ba8ad64ae25be8de66a6d463314cf1eb366222074cfda9ee839c56a4b4/mdurl-0.1.2-py3-none-any.whl", hash = "sha256:84008a41e51615a49fc9966191ff91509e3c40b939176e643fd50a5c2196b8f8", size = 9979, upload-time = "2022-08-14T12:40:09.779Z" },
]

[[package]]
name = "nbformat"
version = "5.10.4"
source = { registry = "https://pypi.org/simple" }
dependencies = [
    { name = "fastjsonschema" },
    { name = "jsonschema" },
    { name = "jupyter-core" },
    { name = "traitlets" },
]
sdist = { url = "https://files.pythonhosted.org/packages/6d/fd/91545e604bc3dad7dca9ed03284086039b294c6b3d75c0d2fa45f9e9caf3/nbformat-5.10.4.tar.gz", hash = "sha256:322168b14f937a5d11362988ecac2a4952d3d8e3a2cbeb2319584631226d5b3a", size = 142749, upload-time = "2024-04-04T11:20:37.371Z" }
wheels = [
    { url = "https://files.pythonhosted.org/packages/a9/82/0340caa499416c78e5d8f5f05947ae4bc3cba53c9f038ab6e9ed964e22f1/nbformat-5.10.4-py3-none-any.whl", hash = "sha256:3b48d6c8fbca4b299bf3982ea7db1af21580e4fec269ad087b9e81588891200b", size = 78454, upload-time = "2024-04-04T11:20:34.895Z" },
]

[[package]]
name = "packaging"
version = "26.0"
source = { registry = "https://pypi.org/simple" }
sdist = { url = "https://files.pythonhosted.org/packages/65/ee/299d360cdc32edc7d2cf530f3accf79c4fca01e96ffc950d8a52213bd8e4/packaging-26.0.tar.gz", hash = "sha256:00243ae351a257117b6a241061796684b084ed1c516a08c48a3f7e147a9d80b4", size = 143416, upload-time = "2026-01-21T20:50:39.064Z" }
wheels = [
    { url = "https://files.pythonhosted.org/packages/b7/b9/c538f279a4e237a006a2c98387d081e9eb060d203d8ed34467cc0f0b9b53/packaging-26.0-py3-none-any.whl", hash = "sha256:b36f1fef9334a5588b4166f8bcd26a14e521f2b55e6b9de3aaa80d3ff7a37529", size = 74366, upload-time = "2026-01-21T20:50:37.788Z" },
]

[[package]]
name = "platformdirs"
version = "4.7.1"
source = { registry = "https://pypi.org/simple" }
sdist = { url = "https://files.pythonhosted.org/packages/d3/3e/c81eb24fb98b00bc097b9ce5dee6eca020c52619ed95b246aaec2018c511/platformdirs-4.7.1.tar.gz", hash = "sha256:6f4ff8472e482af4b7e67a183fbe63da846a9b34f57d5019c4d112a181003d82", size = 25254, upload-time = "2026-02-13T17:57:16.833Z" }
wheels = [
    { url = "https://files.pythonhosted.org/packages/d1/82/36dcca0cfa42ad259bf0eb1f7af0d5759710c21928856891631cb47e4771/platformdirs-4.7.1-py3-none-any.whl", hash = "sha256:06ac79ae0c5025949f62711e3f7cd178736515a29bcc669f42a216016cd1dc7a", size = 19070, upload-time = "2026-02-13T17:57:15.67Z" },
]

[[package]]
name = "pyyaml"
version = "6.0.3"
source = { registry = "https://pypi.org/simple" }
sdist = { url = "https://files.pythonhosted.org/packages/05/8e/961c0007c59b8dd7729d542c61a4d537767a59645b82a0b521206e1e25c2/pyyaml-6.0.3.tar.gz", hash = "sha256:d76623373421df22fb4cf8817020cbb7ef15c725b9d5e45f17e189bfc384190f", size = 130960, upload-time = "2025-09-25T21:33:16.546Z" }
wheels = [
    { url = "https://files.pythonhosted.org/packages/9d/8c/f4bd7f6465179953d3ac9bc44ac1a8a3e6122cf8ada906b4f96c60172d43/pyyaml-6.0.3-cp314-cp314-macosx_10_13_x86_64.whl", hash = "sha256:8d1fab6bb153a416f9aeb4b8763bc0f22a5586065f86f7664fc23339fc1c1fac", size = 181814, upload-time = "2025-09-25T21:32:35.712Z" },
    { url = "https://files.pythonhosted.org/packages/bd/9c/4d95bb87eb2063d20db7b60faa3840c1b18025517ae857371c4dd55a6b3a/pyyaml-6.0.3-cp314-cp314-macosx_11_0_arm64.whl", hash = "sha256:34d5fcd24b8445fadc33f9cf348c1047101756fd760b4dacb5c3e99755703310", size = 173809, upload-time = "2025-09-25T21:32:36.789Z" },
    { url = "https://files.pythonhosted.org/packages/92/b5/47e807c2623074914e29dabd16cbbdd4bf5e9b2db9f8090fa64411fc5382/pyyaml-6.0.3-cp314-cp314-manylinux2014_aarch64.manylinux_2_17_aarch64.manylinux_2_28_aarch64.whl", hash = "sha256:501a031947e3a9025ed4405a168e6ef5ae3126c59f90ce0cd6f2bfc477be31b7", size = 766454, upload-time = "2025-09-25T21:32:37.966Z" },
    { url = "https://files.pythonhosted.org/packages/02/9e/e5e9b168be58564121efb3de6859c452fccde0ab093d8438905899a3a483/pyyaml-6.0.3-cp314-cp314-manylinux2014_s390x.manylinux_2_17_s390x.manylinux_2_28_s390x.whl", hash = "sha256:b3bc83488de33889877a0f2543ade9f70c67d66d9ebb4ac959502e12de895788", size = 836355, upload-time = "2025-09-25T21:32:39.178Z" },
    { url = "https://files.pythonhosted.org/packages/88/f9/16491d7ed2a919954993e48aa941b200f38040928474c9e85ea9e64222c3/pyyaml-6.0.3-cp314-cp314-manylinux2014_x86_64.manylinux_2_17_x86_64.manylinux_2_28_x86_64.whl", hash = "sha256:c458b6d084f9b935061bc36216e8a69a7e293a2f1e68bf956dcd9e6cbcd143f5", size = 794175, upload-time = "2025-09-25T21:32:40.865Z" },
    { url = "https://files.pythonhosted.org/packages/dd/3f/5989debef34dc6397317802b527dbbafb2b4760878a53d4166579111411e/pyyaml-6.0.3-cp314-cp314-musllinux_1_2_aarch64.whl", hash = "sha256:7c6610def4f163542a622a73fb39f534f8c101d690126992300bf3207eab9764", size = 755228, upload-time = "2025-09-25T21:32:42.084Z" },
    { url = "https://files.pythonhosted.org/packages/d7/ce/af88a49043cd2e265be63d083fc75b27b6ed062f5f9fd6cdc223ad62f03e/pyyaml-6.0.3-cp314-cp314-musllinux_1_2_x86_64.whl", hash = "sha256:5190d403f121660ce8d1d2c1bb2ef1bd05b5f68533fc5c2ea899bd15f4399b35", size = 789194, upload-time = "2025-09-25T21:32:43.362Z" },
    { url = "https://files.pythonhosted.org/packages/23/20/bb6982b26a40bb43951265ba29d4c246ef0ff59c9fdcdf0ed04e0687de4d/pyyaml-6.0.3-cp314-cp314-win_amd64.whl", hash = "sha256:4a2e8cebe2ff6ab7d1050ecd59c25d4c8bd7e6f400f5f82b96557ac0abafd0ac", size = 156429, upload-time = "2025-09-25T21:32:57.844Z" },
    { url = "https://files.pythonhosted.org/packages/f4/f4/a4541072bb9422c8a883ab55255f918fa378ecf083f5b85e87fc2b4eda1b/pyyaml-6.0.3-cp314-cp314-win_arm64.whl", hash = "sha256:93dda82c9c22deb0a405ea4dc5f2d0cda384168e466364dec6255b293923b2f3", size = 143912, upload-time = "2025-09-25T21:32:59.247Z" },
    { url = "https://files.pythonhosted.org/packages/7c/f9/07dd09ae774e4616edf6cda684ee78f97777bdd15847253637a6f052a62f/pyyaml-6.0.3-cp314-cp314t-macosx_10_13_x86_64.whl", hash = "sha256:02893d100e99e03eda1c8fd5c441d8c60103fd175728e23e431db1b589cf5ab3", size = 189108, upload-time = "2025-09-25T21:32:44.377Z" },
    { url = "https://files.pythonhosted.org/packages/4e/78/8d08c9fb7ce09ad8c38ad533c1191cf27f7ae1effe5bb9400a46d9437fcf/pyyaml-6.0.3-cp314-cp314t-macosx_11_0_arm64.whl", hash = "sha256:c1ff362665ae507275af2853520967820d9124984e0f7466736aea23d8611fba", size = 183641, upload-time = "2025-09-25T21:32:45.407Z" },
    { url = "https://files.pythonhosted.org/packages/7b/5b/3babb19104a46945cf816d047db2788bcaf8c94527a805610b0289a01c6b/pyyaml-6.0.3-cp314-cp314t-manylinux2014_aarch64.manylinux_2_17_aarch64.manylinux_2_28_aarch64.whl", hash = "sha256:6adc77889b628398debc7b65c073bcb99c4a0237b248cacaf3fe8a557563ef6c", size = 831901, upload-time = "2025-09-25T21:32:48.83Z" },
    { url = "https://files.pythonhosted.org/packages/8b/cc/dff0684d8dc44da4d22a13f35f073d558c268780ce3c6ba1b87055bb0b87/pyyaml-6.0.3-cp314-cp314t-manylinux2014_s390x.manylinux_2_17_s390x.manylinux_2_28_s390x.whl", hash = "sha256:a80cb027f6b349846a3bf6d73b5e95e782175e52f22108cfa17876aaeff93702", size = 861132, upload-time = "2025-09-25T21:32:50.149Z" },
    { url = "https://files.pythonhosted.org/packages/b1/5e/f77dc6b9036943e285ba76b49e118d9ea929885becb0a29ba8a7c75e29fe/pyyaml-6.0.3-cp314-cp314t-manylinux2014_x86_64.manylinux_2_17_x86_64.manylinux_2_28_x86_64.whl", hash = "sha256:00c4bdeba853cc34e7dd471f16b4114f4162dc03e6b7afcc2128711f0eca823c", size = 839261, upload-time = "2025-09-25T21:32:51.808Z" },
    { url = "https://files.pythonhosted.org/packages/ce/88/a9db1376aa2a228197c58b37302f284b5617f56a5d959fd1763fb1675ce6/pyyaml-6.0.3-cp314-cp314t-musllinux_1_2_aarch64.whl", hash = "sha256:66e1674c3ef6f541c35191caae2d429b967b99e02040f5ba928632d9a7f0f065", size = 805272, upload-time = "2025-09-25T21:32:52.941Z" },
    { url = "https://files.pythonhosted.org/packages/da/92/1446574745d74df0c92e6aa4a7b0b3130706a4142b2d1a5869f2eaa423c6/pyyaml-6.0.3-cp314-cp314t-musllinux_1_2_x86_64.whl", hash = "sha256:16249ee61e95f858e83976573de0f5b2893b3677ba71c9dd36b9cf8be9ac6d65", size = 829923, upload-time = "2025-09-25T21:32:54.537Z" },
    { url = "https://files.pythonhosted.org/packages/f0/7a/1c7270340330e575b92f397352af856a8c06f230aa3e76f86b39d01b416a/pyyaml-6.0.3-cp314-cp314t-win_amd64.whl", hash = "sha256:4ad1906908f2f5ae4e5a8ddfce73c320c2a1429ec52eafd27138b7f1cbe341c9", size = 174062, upload-time = "2025-09-25T21:32:55.767Z" },
    { url = "https://files.pythonhosted.org/packages/f1/12/de94a39c2ef588c7e6455cfbe7343d3b2dc9d6b6b2f40c4c6565744c873d/pyyaml-6.0.3-cp314-cp314t-win_arm64.whl", hash = "sha256:ebc55a14a21cb14062aa4162f906cd962b28e2e9ea38f9b4391244cd8de4ae0b", size = 149341, upload-time = "2025-09-25T21:32:56.828Z" },
]

[[package]]
name = "referencing"
version = "0.37.0"
source = { registry = "https://pypi.org/simple" }
dependencies = [
    { name = "attrs" },
    { name = "rpds-py" },
]
sdist = { url = "https://files.pythonhosted.org/packages/22/f5/df4e9027acead3ecc63e50fe1e36aca1523e1719559c499951bb4b53188f/referencing-0.37.0.tar.gz", hash = "sha256:44aefc3142c5b842538163acb373e24cce6632bd54bdb01b21ad5863489f50d8", size = 78036, upload-time = "2025-10-13T15:30:48.871Z" }
wheels = [
    { url = "https://files.pythonhosted.org/packages/2c/58/ca301544e1fa93ed4f80d724bf5b194f6e4b945841c5bfd555878eea9fcb/referencing-0.37.0-py3-none-any.whl", hash = "sha256:381329a9f99628c9069361716891d34ad94af76e461dcb0335825aecc7692231", size = 26766, upload-time = "2025-10-13T15:30:47.625Z" },
]

[[package]]
name = "rpds-py"
version = "0.30.0"
source = { registry = "https://pypi.org/simple" }
sdist = { url = "https://files.pythonhosted.org/packages/20/af/3f2f423103f1113b36230496629986e0ef7e199d2aa8392452b484b38ced/rpds_py-0.30.0.tar.gz", hash = "sha256:dd8ff7cf90014af0c0f787eea34794ebf6415242ee1d6fa91eaba725cc441e84", size = 69469, upload-time = "2025-11-30T20:24:38.837Z" }
wheels = [
    { url = "https://files.pythonhosted.org/packages/86/81/dad16382ebbd3d0e0328776d8fd7ca94220e4fa0798d1dc5e7da48cb3201/rpds_py-0.30.0-cp314-cp314-macosx_10_12_x86_64.whl", hash = "sha256:68f19c879420aa08f61203801423f6cd5ac5f0ac4ac82a2368a9fcd6a9a075e0", size = 362099, upload-time = "2025-11-30T20:23:27.316Z" },
    { url = "https://files.pythonhosted.org/packages/2b/60/19f7884db5d5603edf3c6bce35408f45ad3e97e10007df0e17dd57af18f8/rpds_py-0.30.0-cp314-cp314-macosx_11_0_arm64.whl", hash = "sha256:ec7c4490c672c1a0389d319b3a9cfcd098dcdc4783991553c332a15acf7249be", size = 353192, upload-time = "2025-11-30T20:23:29.151Z" },
    { url = "https://files.pythonhosted.org/packages/bf/c4/76eb0e1e72d1a9c4703c69607cec123c29028bff28ce41588792417098ac/rpds_py-0.30.0-cp314-cp314-manylinux_2_17_aarch64.manylinux2014_aarch64.whl", hash = "sha256:f251c812357a3fed308d684a5079ddfb9d933860fc6de89f2b7ab00da481e65f", size = 384080, upload-time = "2025-11-30T20:23:30.785Z" },
    { url = "https://files.pythonhosted.org/packages/72/87/87ea665e92f3298d1b26d78814721dc39ed8d2c74b86e83348d6b48a6f31/rpds_py-0.30.0-cp314-cp314-manylinux_2_17_armv7l.manylinux2014_armv7l.whl", hash = "sha256:ac98b175585ecf4c0348fd7b29c3864bda53b805c773cbf7bfdaffc8070c976f", size = 394841, upload-time = "2025-11-30T20:23:32.209Z" },
    { url = "https://files.pythonhosted.org/packages/77/ad/7783a89ca0587c15dcbf139b4a8364a872a25f861bdb88ed99f9b0dec985/rpds_py-0.30.0-cp314-cp314-manylinux_2_17_ppc64le.manylinux2014_ppc64le.whl", hash = "sha256:3e62880792319dbeb7eb866547f2e35973289e7d5696c6e295476448f5b63c87", size = 516670, upload-time = "2025-11-30T20:23:33.742Z" },
    { url = "https://files.pythonhosted.org/packages/5b/3c/2882bdac942bd2172f3da574eab16f309ae10a3925644e969536553cb4ee/rpds_py-0.30.0-cp314-cp314-manylinux_2_17_s390x.manylinux2014_s390x.whl", hash = "sha256:4e7fc54e0900ab35d041b0601431b0a0eb495f0851a0639b6ef90f7741b39a18", size = 408005, upload-time = "2025-11-30T20:23:35.253Z" },
    { url = "https://files.pythonhosted.org/packages/ce/81/9a91c0111ce1758c92516a3e44776920b579d9a7c09b2b06b642d4de3f0f/rpds_py-0.30.0-cp314-cp314-manylinux_2_17_x86_64.manylinux2014_x86_64.whl", hash = "sha256:47e77dc9822d3ad616c3d5759ea5631a75e5809d5a28707744ef79d7a1bcfcad", size = 382112, upload-time = "2025-11-30T20:23:36.842Z" },
    { url = "https://files.pythonhosted.org/packages/cf/8e/1da49d4a107027e5fbc64daeab96a0706361a2918da10cb41769244b805d/rpds_py-0.30.0-cp314-cp314-manylinux_2_31_riscv64.whl", hash = "sha256:b4dc1a6ff022ff85ecafef7979a2c6eb423430e05f1165d6688234e62ba99a07", size = 399049, upload-time = "2025-11-30T20:23:38.343Z" },
    { url = "https://files.pythonhosted.org/packages/df/5a/7ee239b1aa48a127570ec03becbb29c9d5a9eb092febbd1699d567cae859/rpds_py-0.30.0-cp314-cp314-manylinux_2_5_i686.manylinux1_i686.whl", hash = "sha256:4559c972db3a360808309e06a74628b95eaccbf961c335c8fe0d590cf587456f", size = 415661, upload-time = "2025-11-30T20:23:40.263Z" },
    { url = "https://files.pythonhosted.org/packages/70/ea/caa143cf6b772f823bc7929a45da1fa83569ee49b11d18d0ada7f5ee6fd6/rpds_py-0.30.0-cp314-cp314-musllinux_1_2_aarch64.whl", hash = "sha256:0ed177ed9bded28f8deb6ab40c183cd1192aa0de40c12f38be4d59cd33cb5c65", size = 565606, upload-time = "2025-11-30T20:23:42.186Z" },
    { url = "https://files.pythonhosted.org/packages/64/91/ac20ba2d69303f961ad8cf55bf7dbdb4763f627291ba3d0d7d67333cced9/rpds_py-0.30.0-cp314-cp314-musllinux_1_2_i686.whl", hash = "sha256:ad1fa8db769b76ea911cb4e10f049d80bf518c104f15b3edb2371cc65375c46f", size = 591126, upload-time = "2025-11-30T20:23:44.086Z" },
    { url = "https://files.pythonhosted.org/packages/21/20/7ff5f3c8b00c8a95f75985128c26ba44503fb35b8e0259d812766ea966c7/rpds_py-0.30.0-cp314-cp314-musllinux_1_2_x86_64.whl", hash = "sha256:46e83c697b1f1c72b50e5ee5adb4353eef7406fb3f2043d64c33f20ad1c2fc53", size = 553371, upload-time = "2025-11-30T20:23:46.004Z" },
    { url = "https://files.pythonhosted.org/packages/72/c7/81dadd7b27c8ee391c132a6b192111ca58d866577ce2d9b0ca157552cce0/rpds_py-0.30.0-cp314-cp314-win32.whl", hash = "sha256:ee454b2a007d57363c2dfd5b6ca4a5d7e2c518938f8ed3b706e37e5d470801ed", size = 215298, upload-time = "2025-11-30T20:23:47.696Z" },
    { url = "https://files.pythonhosted.org/packages/3e/d2/1aaac33287e8cfb07aab2e6b8ac1deca62f6f65411344f1433c55e6f3eb8/rpds_py-0.30.0-cp314-cp314-win_amd64.whl", hash = "sha256:95f0802447ac2d10bcc69f6dc28fe95fdf17940367b21d34e34c737870758950", size = 228604, upload-time = "2025-11-30T20:23:49.501Z" },
    { url = "https://files.pythonhosted.org/packages/e8/95/ab005315818cc519ad074cb7784dae60d939163108bd2b394e60dc7b5461/rpds_py-0.30.0-cp314-cp314-win_arm64.whl", hash = "sha256:613aa4771c99f03346e54c3f038e4cc574ac09a3ddfb0e8878487335e96dead6", size = 222391, upload-time = "2025-11-30T20:23:50.96Z" },
    { url = "https://files.pythonhosted.org/packages/9e/68/154fe0194d83b973cdedcdcc88947a2752411165930182ae41d983dcefa6/rpds_py-0.30.0-cp314-cp314t-macosx_10_12_x86_64.whl", hash = "sha256:7e6ecfcb62edfd632e56983964e6884851786443739dbfe3582947e87274f7cb", size = 364868, upload-time = "2025-11-30T20:23:52.494Z" },
    { url = "https://files.pythonhosted.org/packages/83/69/8bbc8b07ec854d92a8b75668c24d2abcb1719ebf890f5604c61c9369a16f/rpds_py-0.30.0-cp314-cp314t-macosx_11_0_arm64.whl", hash = "sha256:a1d0bc22a7cdc173fedebb73ef81e07faef93692b8c1ad3733b67e31e1b6e1b8", size = 353747, upload-time = "2025-11-30T20:23:54.036Z" },
    { url = "https://files.pythonhosted.org/packages/ab/00/ba2e50183dbd9abcce9497fa5149c62b4ff3e22d338a30d690f9af970561/rpds_py-0.30.0-cp314-cp314t-manylinux_2_17_aarch64.manylinux2014_aarch64.whl", hash = "sha256:0d08f00679177226c4cb8c5265012eea897c8ca3b93f429e546600c971bcbae7", size = 383795, upload-time = "2025-11-30T20:23:55.556Z" },
    { url = "https://files.pythonhosted.org/packages/05/6f/86f0272b84926bcb0e4c972262f54223e8ecc556b3224d281e6598fc9268/rpds_py-0.30.0-cp314-cp314t-manylinux_2_17_armv7l.manylinux2014_armv7l.whl", hash = "sha256:5965af57d5848192c13534f90f9dd16464f3c37aaf166cc1da1cae1fd5a34898", size = 393330, upload-time = "2025-11-30T20:23:57.033Z" },
    { url = "https://files.pythonhosted.org/packages/cb/e9/0e02bb2e6dc63d212641da45df2b0bf29699d01715913e0d0f017ee29438/rpds_py-0.30.0-cp314-cp314t-manylinux_2_17_ppc64le.manylinux2014_ppc64le.whl", hash = "sha256:9a4e86e34e9ab6b667c27f3211ca48f73dba7cd3d90f8d5b11be56e5dbc3fb4e", size = 518194, upload-time = "2025-11-30T20:23:58.637Z" },
    { url = "https://files.pythonhosted.org/packages/ee/ca/be7bca14cf21513bdf9c0606aba17d1f389ea2b6987035eb4f62bd923f25/rpds_py-0.30.0-cp314-cp314t-manylinux_2_17_s390x.manylinux2014_s390x.whl", hash = "sha256:e5d3e6b26f2c785d65cc25ef1e5267ccbe1b069c5c21b8cc724efee290554419", size = 408340, upload-time = "2025-11-30T20:24:00.2Z" },
    { url = "https://files.pythonhosted.org/packages/c2/c7/736e00ebf39ed81d75544c0da6ef7b0998f8201b369acf842f9a90dc8fce/rpds_py-0.30.0-cp314-cp314t-manylinux_2_17_x86_64.manylinux2014_x86_64.whl", hash = "sha256:626a7433c34566535b6e56a1b39a7b17ba961e97ce3b80ec62e6f1312c025551", size = 383765, upload-time = "2025-11-30T20:24:01.759Z" },
    { url = "https://files.pythonhosted.org/packages/4a/3f/da50dfde9956aaf365c4adc9533b100008ed31aea635f2b8d7b627e25b49/rpds_py-0.30.0-cp314-cp314t-manylinux_2_31_riscv64.whl", hash = "sha256:acd7eb3f4471577b9b5a41baf02a978e8bdeb08b4b355273994f8b87032000a8", size = 396834, upload-time = "2025-11-30T20:24:03.687Z" },
    { url = "https://files.pythonhosted.org/packages/4e/00/34bcc2565b6020eab2623349efbdec810676ad571995911f1abdae62a3a0/rpds_py-0.30.0-cp314-cp314t-manylinux_2_5_i686.manylinux1_i686.whl", hash = "sha256:fe5fa731a1fa8a0a56b0977413f8cacac1768dad38d16b3a296712709476fbd5", size = 415470, upload-time = "2025-11-30T20:24:05.232Z" },
    { url = "https://files.pythonhosted.org/packages/8c/28/882e72b5b3e6f718d5453bd4d0d9cf8df36fddeb4ddbbab17869d5868616/rpds_py-0.30.0-cp314-cp314t-musllinux_1_2_aarch64.whl", hash = "sha256:74a3243a411126362712ee1524dfc90c650a503502f135d54d1b352bd01f2404", size = 565630, upload-time = "2025-11-30T20:24:06.878Z" },
    { url = "https://files.pythonhosted.org/packages/3b/97/04a65539c17692de5b85c6e293520fd01317fd878ea1995f0367d4532fb1/rpds_py-0.30.0-cp314-cp314t-musllinux_1_2_i686.whl", hash = "sha256:3e8eeb0544f2eb0d2581774be4c3410356eba189529a6b3e36bbbf9696175856", size = 591148, upload-time = "2025-11-30T20:24:08.445Z" },
    { url = "https://files.pythonhosted.org/packages/85/70/92482ccffb96f5441aab93e26c4d66489eb599efdcf96fad90c14bbfb976/rpds_py-0.30.0-cp314-cp314t-musllinux_1_2_x86_64.whl", hash = "sha256:dbd936cde57abfee19ab3213cf9c26be06d60750e60a8e4dd85d1ab12c8b1f40", size = 556030, upload-time = "2025-11-30T20:24:10.956Z" },
    { url = "https://files.pythonhosted.org/packages/20/53/7c7e784abfa500a2b6b583b147ee4bb5a2b3747a9166bab52fec4b5b5e7d/rpds_py-0.30.0-cp314-cp314t-win32.whl", hash = "sha256:dc824125c72246d924f7f796b4f63c1e9dc810c7d9e2355864b3c3a73d59ade0", size = 211570, upload-time = "2025-11-30T20:24:12.735Z" },
    { url = "https://files.pythonhosted.org/packages/d0/02/fa464cdfbe6b26e0600b62c528b72d8608f5cc49f96b8d6e38c95d60c676/rpds_py-0.30.0-cp314-cp314t-win_amd64.whl", hash = "sha256:27f4b0e92de5bfbc6f86e43959e6edd1425c33b5e69aab0984a72047f2bcf1e3", size = 226532, upload-time = "2025-11-30T20:24:14.634Z" },
]

[[package]]
name = "traitlets"
version = "5.14.3"
source = { registry = "https://pypi.org/simple" }
sdist = { url = "https://files.pythonhosted.org/packages/eb/79/72064e6a701c2183016abbbfedaba506d81e30e232a68c9f0d6f6fcd1574/traitlets-5.14.3.tar.gz", hash = "sha256:9ed0579d3502c94b4b3732ac120375cda96f923114522847de4b3bb98b96b6b7", size = 161621, upload-time = "2024-04-19T11:11:49.746Z" }
wheels = [
    { url = "https://files.pythonhosted.org/packages/00/c0/8f5d070730d7836adc9c9b6408dec68c6ced86b304a9b26a14df072a6e8c/traitlets-5.14.3-py3-none-any.whl", hash = "sha256:b74e89e397b1ed28cc831db7aea759ba6640cb3de13090ca145426688ff1ac4f", size = 85359, upload-time = "2024-04-19T11:11:46.763Z" },
]
